PODS:
  - MapboxCommon (23.8.5)
  - MapboxSearch (1.0.0-rc.8):
    - MapboxCommon (~> 23.6)
  - MapboxSearchUI (1.0.0-rc.8):
    - MapboxSearch (< 2.0, >= 1.0.0-rc.8)

DEPENDENCIES:
  - MapboxSearchUI (< 2.0, >= 1.0.0-rc.8)

SPEC REPOS:
  trunk:
    - MapboxCommon
    - MapboxSearch
    - MapboxSearchUI

SPEC CHECKSUMS:
  MapboxCommon: 677dd4449e9f7d863a4712cf271c198ed1753494
  MapboxSearch: ac6ce2083172dc1095c3519ee69fe91f31558504
  MapboxSearchUI: ce955875d52399804e3afba2016b9387a54974fa

PODFILE CHECKSUM: 2edfe950cb05893140fda66095ac730e83670be7

COCOAPODS: 1.14.3
