PODS:
  - MapboxCommon (23.8.5)
  - MapboxCoreMaps (10.16.3):
    - MapboxCommon (~> 23.8)
  - MapboxMaps (10.16.3):
    - MapboxCommon (= 23.8.5)
    - MapboxCoreMaps (= 10.16.3)
    - MapboxMobileEvents (= 1.0.10)
    - Turf (~> 2.0)
  - MapboxMobileEvents (1.0.10)
  - MapboxSearch (1.0.0-rc.8):
    - MapboxCommon (~> 23.6)
  - MapboxSearchUI (1.0.0-rc.8):
    - MapboxSearch (< 2.0, >= 1.0.0-rc.8)
  - Realm (10.45.0):
    - Realm/Headers (= 10.45.0)
  - Realm/Headers (10.45.0)
  - RealmSwift (10.45.0):
    - Realm (= 10.45.0)
  - Turf (2.7.0)

DEPENDENCIES:
  - MapboxMaps (< 11.0.0)
  - MapboxSearch (< 2.0, >= 1.0.0-beta)
  - MapboxSearchUI (< 2.0, >= 1.0.0-rc.8)
  - RealmSwift (= 10.45.0)

SPEC REPOS:
  trunk:
    - MapboxCommon
    - MapboxCoreMaps
    - MapboxMaps
    - MapboxMobileEvents
    - MapboxSearch
    - MapboxSearchUI
    - Realm
    - RealmSwift
    - Turf

SPEC CHECKSUMS:
  MapboxCommon: 677dd4449e9f7d863a4712cf271c198ed1753494
  MapboxCoreMaps: 304d4ff1de0b5873e4ce359a7ed107fe65f89bd6
  MapboxMaps: 89322569ce8b0e98ed2a84c3289e6bc402df6073
  MapboxMobileEvents: de50b3a4de180dd129c326e09cd12c8adaaa46d6
  MapboxSearch: ac6ce2083172dc1095c3519ee69fe91f31558504
  MapboxSearchUI: ce955875d52399804e3afba2016b9387a54974fa
  Realm: 6604fa855b0aa6e8cab451373445413708dca398
  RealmSwift: e5ae14b314f3569f053563f88366d6f07e9ade62
  Turf: 13d1a92d969ca0311bbc26e8356cca178ce95da2

PODFILE CHECKSUM: f86334dcb73589d85acb7bce548e84b78ca02766

COCOAPODS: 1.14.3
