// !$*UTF8*$!
{
	archiveVersion = 1;
	classes = {
	};
	objectVersion = 56;
	objects = {

/* Begin PBXBuildFile section */
		BF1FD1742B25ABF8002D71A5 /* WeatherForecastCollectionViewCell.swift in Sources */ = {isa = PBXBuildFile; fileRef = BF1FD1722B25ABF8002D71A5 /* WeatherForecastCollectionViewCell.swift */; };
		BF1FD1752B25ABF8002D71A5 /* WeatherForecastCollectionViewCell.xib in Resources */ = {isa = PBXBuildFile; fileRef = BF1FD1732B25ABF8002D71A5 /* WeatherForecastCollectionViewCell.xib */; };
		BF1FD1772B25BEC7002D71A5 /* NetworkManager.swift in Sources */ = {isa = PBXBuildFile; fileRef = BF1FD1762B25BEC7002D71A5 /* NetworkManager.swift */; };
		BF1FD17F2B25EA0A002D71A5 /* CurrentWeatherInfoModel.swift in Sources */ = {isa = PBXBuildFile; fileRef = BF1FD17E2B25EA0A002D71A5 /* CurrentWeatherInfoModel.swift */; };
		BF1FD1812B25EA32002D71A5 /* HourlyWeatherForecastModel.swift in Sources */ = {isa = PBXBuildFile; fileRef = BF1FD1802B25EA32002D71A5 /* HourlyWeatherForecastModel.swift */; };
		BF323A842B202A2B0035BA09 /* AppDelegate.swift in Sources */ = {isa = PBXBuildFile; fileRef = BF323A832B202A2B0035BA09 /* AppDelegate.swift */; };
		BF323A862B202A2B0035BA09 /* SceneDelegate.swift in Sources */ = {isa = PBXBuildFile; fileRef = BF323A852B202A2B0035BA09 /* SceneDelegate.swift */; };
		BF323A882B202A2B0035BA09 /* ViewController.swift in Sources */ = {isa = PBXBuildFile; fileRef = BF323A872B202A2B0035BA09 /* ViewController.swift */; };
		BF323A8B2B202A2B0035BA09 /* Main.storyboard in Resources */ = {isa = PBXBuildFile; fileRef = BF323A892B202A2B0035BA09 /* Main.storyboard */; };
		BF323A8E2B202A2B0035BA09 /* WeatherApp.xcdatamodeld in Sources */ = {isa = PBXBuildFile; fileRef = BF323A8C2B202A2B0035BA09 /* WeatherApp.xcdatamodeld */; };
		BF323A902B202A2D0035BA09 /* Assets.xcassets in Resources */ = {isa = PBXBuildFile; fileRef = BF323A8F2B202A2D0035BA09 /* Assets.xcassets */; };
		BF323A932B202A2D0035BA09 /* LaunchScreen.storyboard in Resources */ = {isa = PBXBuildFile; fileRef = BF323A912B202A2D0035BA09 /* LaunchScreen.storyboard */; };
/* End PBXBuildFile section */

/* Begin PBXFileReference section */
		BF1FD1722B25ABF8002D71A5 /* WeatherForecastCollectionViewCell.swift */ = {isa = PBXFileReference; lastKnownFileType = sourcecode.swift; path = WeatherForecastCollectionViewCell.swift; sourceTree = "<group>"; };
		BF1FD1732B25ABF8002D71A5 /* WeatherForecastCollectionViewCell.xib */ = {isa = PBXFileReference; lastKnownFileType = file.xib; path = WeatherForecastCollectionViewCell.xib; sourceTree = "<group>"; };
		BF1FD1762B25BEC7002D71A5 /* NetworkManager.swift */ = {isa = PBXFileReference; lastKnownFileType = sourcecode.swift; path = NetworkManager.swift; sourceTree = "<group>"; };
		BF1FD17E2B25EA0A002D71A5 /* CurrentWeatherInfoModel.swift */ = {isa = PBXFileReference; lastKnownFileType = sourcecode.swift; path = CurrentWeatherInfoModel.swift; sourceTree = "<group>"; };
		BF1FD1802B25EA32002D71A5 /* HourlyWeatherForecastModel.swift */ = {isa = PBXFileReference; lastKnownFileType = sourcecode.swift; path = HourlyWeatherForecastModel.swift; sourceTree = "<group>"; };
		BF323A802B202A2B0035BA09 /* WeatherApp.app */ = {isa = PBXFileReference; explicitFileType = wrapper.application; includeInIndex = 0; path = WeatherApp.app; sourceTree = BUILT_PRODUCTS_DIR; };
		BF323A832B202A2B0035BA09 /* AppDelegate.swift */ = {isa = PBXFileReference; lastKnownFileType = sourcecode.swift; path = AppDelegate.swift; sourceTree = "<group>"; };
		BF323A852B202A2B0035BA09 /* SceneDelegate.swift */ = {isa = PBXFileReference; lastKnownFileType = sourcecode.swift; path = SceneDelegate.swift; sourceTree = "<group>"; };
		BF323A872B202A2B0035BA09 /* ViewController.swift */ = {isa = PBXFileReference; lastKnownFileType = sourcecode.swift; path = ViewController.swift; sourceTree = "<group>"; };
		BF323A8A2B202A2B0035BA09 /* Base */ = {isa = PBXFileReference; lastKnownFileType = file.storyboard; name = Base; path = Base.lproj/Main.storyboard; sourceTree = "<group>"; };
		BF323A8D2B202A2B0035BA09 /* WeatherApp.xcdatamodel */ = {isa = PBXFileReference; lastKnownFileType = wrapper.xcdatamodel; path = WeatherApp.xcdatamodel; sourceTree = "<group>"; };
		BF323A8F2B202A2D0035BA09 /* Assets.xcassets */ = {isa = PBXFileReference; lastKnownFileType = folder.assetcatalog; path = Assets.xcassets; sourceTree = "<group>"; };
		BF323A922B202A2D0035BA09 /* Base */ = {isa = PBXFileReference; lastKnownFileType = file.storyboard; name = Base; path = Base.lproj/LaunchScreen.storyboard; sourceTree = "<group>"; };
		BF323A942B202A2D0035BA09 /* Info.plist */ = {isa = PBXFileReference; lastKnownFileType = text.plist.xml; path = Info.plist; sourceTree = "<group>"; };
/* End PBXFileReference section */

/* Begin PBXFrameworksBuildPhase section */
		BF323A7D2B202A2B0035BA09 /* Frameworks */ = {
			isa = PBXFrameworksBuildPhase;
			buildActionMask = 2147483647;
			files = (
			);
			runOnlyForDeploymentPostprocessing = 0;
		};
/* End PBXFrameworksBuildPhase section */

/* Begin PBXGroup section */
		BF323A772B202A2B0035BA09 = {
			isa = PBXGroup;
			children = (
				BF323A822B202A2B0035BA09 /* WeatherApp */,
				BF323A812B202A2B0035BA09 /* Products */,
			);
			sourceTree = "<group>";
		};
		BF323A812B202A2B0035BA09 /* Products */ = {
			isa = PBXGroup;
			children = (
				BF323A802B202A2B0035BA09 /* WeatherApp.app */,
			);
			name = Products;
			sourceTree = "<group>";
		};
		BF323A822B202A2B0035BA09 /* WeatherApp */ = {
			isa = PBXGroup;
			children = (
				BF323A832B202A2B0035BA09 /* AppDelegate.swift */,
				BF323A852B202A2B0035BA09 /* SceneDelegate.swift */,
				BF323A872B202A2B0035BA09 /* ViewController.swift */,
				BF323A892B202A2B0035BA09 /* Main.storyboard */,
				BF323A8F2B202A2D0035BA09 /* Assets.xcassets */,
				BF323A912B202A2D0035BA09 /* LaunchScreen.storyboard */,
				BF323A942B202A2D0035BA09 /* Info.plist */,
				BF323A8C2B202A2B0035BA09 /* WeatherApp.xcdatamodeld */,
				BF1FD1722B25ABF8002D71A5 /* WeatherForecastCollectionViewCell.swift */,
				BF1FD1732B25ABF8002D71A5 /* WeatherForecastCollectionViewCell.xib */,
				BF1FD1762B25BEC7002D71A5 /* NetworkManager.swift */,
				BF1FD17E2B25EA0A002D71A5 /* CurrentWeatherInfoModel.swift */,
				BF1FD1802B25EA32002D71A5 /* HourlyWeatherForecastModel.swift */,
			);
			path = WeatherApp;
			sourceTree = "<group>";
		};
/* End PBXGroup section */

/* Begin PBXNativeTarget section */
		BF323A7F2B202A2B0035BA09 /* WeatherApp */ = {
			isa = PBXNativeTarget;
			buildConfigurationList = BF323A972B202A2D0035BA09 /* Build configuration list for PBXNativeTarget "WeatherApp" */;
			buildPhases = (
				BF323A7C2B202A2B0035BA09 /* Sources */,
				BF323A7D2B202A2B0035BA09 /* Frameworks */,
				BF323A7E2B202A2B0035BA09 /* Resources */,
			);
			buildRules = (
			);
			dependencies = (
			);
			name = WeatherApp;
			productName = WeatherApp;
			productReference = BF323A802B202A2B0035BA09 /* WeatherApp.app */;
			productType = "com.apple.product-type.application";
		};
/* End PBXNativeTarget section */

/* Begin PBXProject section */
		BF323A782B202A2B0035BA09 /* Project object */ = {
			isa = PBXProject;
			attributes = {
				BuildIndependentTargetsInParallel = 1;
				LastSwiftUpdateCheck = 1500;
				LastUpgradeCheck = 1500;
				TargetAttributes = {
					BF323A7F2B202A2B0035BA09 = {
						CreatedOnToolsVersion = 15.0.1;
					};
				};
			};
			buildConfigurationList = BF323A7B2B202A2B0035BA09 /* Build configuration list for PBXProject "WeatherApp" */;
			compatibilityVersion = "Xcode 14.0";
			developmentRegion = en;
			hasScannedForEncodings = 0;
			knownRegions = (
				en,
				Base,
			);
			mainGroup = BF323A772B202A2B0035BA09;
			productRefGroup = BF323A812B202A2B0035BA09 /* Products */;
			projectDirPath = "";
			projectRoot = "";
			targets = (
				BF323A7F2B202A2B0035BA09 /* WeatherApp */,
			);
		};
/* End PBXProject section */

/* Begin PBXResourcesBuildPhase section */
		BF323A7E2B202A2B0035BA09 /* Resources */ = {
			isa = PBXResourcesBuildPhase;
			buildActionMask = 2147483647;
			files = (
				BF1FD1752B25ABF8002D71A5 /* WeatherForecastCollectionViewCell.xib in Resources */,
				BF323A932B202A2D0035BA09 /* LaunchScreen.storyboard in Resources */,
				BF323A902B202A2D0035BA09 /* Assets.xcassets in Resources */,
				BF323A8B2B202A2B0035BA09 /* Main.storyboard in Resources */,
			);
			runOnlyForDeploymentPostprocessing = 0;
		};
/* End PBXResourcesBuildPhase section */

/* Begin PBXSourcesBuildPhase section */
		BF323A7C2B202A2B0035BA09 /* Sources */ = {
			isa = PBXSourcesBuildPhase;
			buildActionMask = 2147483647;
			files = (
				BF1FD17F2B25EA0A002D71A5 /* CurrentWeatherInfoModel.swift in Sources */,
				BF1FD1772B25BEC7002D71A5 /* NetworkManager.swift in Sources */,
				BF1FD1742B25ABF8002D71A5 /* WeatherForecastCollectionViewCell.swift in Sources */,
				BF1FD1812B25EA32002D71A5 /* HourlyWeatherForecastModel.swift in Sources */,
				BF323A8E2B202A2B0035BA09 /* WeatherApp.xcdatamodeld in Sources */,
				BF323A882B202A2B0035BA09 /* ViewController.swift in Sources */,
				BF323A842B202A2B0035BA09 /* AppDelegate.swift in Sources */,
				BF323A862B202A2B0035BA09 /* SceneDelegate.swift in Sources */,
			);
			runOnlyForDeploymentPostprocessing = 0;
		};
/* End PBXSourcesBuildPhase section */

/* Begin PBXVariantGroup section */
		BF323A892B202A2B0035BA09 /* Main.storyboard */ = {
			isa = PBXVariantGroup;
			children = (
				BF323A8A2B202A2B0035BA09 /* Base */,
			);
			name = Main.storyboard;
			sourceTree = "<group>";
		};
		BF323A912B202A2D0035BA09 /* LaunchScreen.storyboard */ = {
			isa = PBXVariantGroup;
			children = (
				BF323A922B202A2D0035BA09 /* Base */,
			);
			name = LaunchScreen.storyboard;
			sourceTree = "<group>";
		};
/* End PBXVariantGroup section */

/* Begin XCBuildConfiguration section */
		BF323A952B202A2D0035BA09 /* Debug */ = {
			isa = XCBuildConfiguration;
			buildSettings = {
				ALWAYS_SEARCH_USER_PATHS = NO;
				ASSETCATALOG_COMPILER_GENERATE_SWIFT_ASSET_SYMBOL_EXTENSIONS = YES;
				CLANG_ANALYZER_NONNULL = YES;
				CLANG_ANALYZER_NUMBER_OBJECT_CONVERSION = YES_AGGRESSIVE;
				CLANG_CXX_LANGUAGE_STANDARD = "gnu++20";
				CLANG_ENABLE_MODULES = YES;
				CLANG_ENABLE_OBJC_ARC = YES;
				CLANG_ENABLE_OBJC_WEAK = YES;
				CLANG_WARN_BLOCK_CAPTURE_AUTORELEASING = YES;
				CLANG_WARN_BOOL_CONVERSION = YES;
				CLANG_WARN_COMMA = YES;
				CLANG_WARN_CONSTANT_CONVERSION = YES;
				CLANG_WARN_DEPRECATED_OBJC_IMPLEMENTATIONS = YES;
				CLANG_WARN_DIRECT_OBJC_ISA_USAGE = YES_ERROR;
				CLANG_WARN_DOCUMENTATION_COMMENTS = YES;
				CLANG_WARN_EMPTY_BODY = YES;
				CLANG_WARN_ENUM_CONVERSION = YES;
				CLANG_WARN_INFINITE_RECURSION = YES;
				CLANG_WARN_INT_CONVERSION = YES;
				CLANG_WARN_NON_LITERAL_NULL_CONVERSION = YES;
				CLANG_WARN_OBJC_IMPLICIT_RETAIN_SELF = YES;
				CLANG_WARN_OBJC_LITERAL_CONVERSION = YES;
				CLANG_WARN_OBJC_ROOT_CLASS = YES_ERROR;
				CLANG_WARN_QUOTED_INCLUDE_IN_FRAMEWORK_HEADER = YES;
				CLANG_WARN_RANGE_LOOP_ANALYSIS = YES;
				CLANG_WARN_STRICT_PROTOTYPES = YES;
				CLANG_WARN_SUSPICIOUS_MOVE = YES;
				CLANG_WARN_UNGUARDED_AVAILABILITY = YES_AGGRESSIVE;
				CLANG_WARN_UNREACHABLE_CODE = YES;
				CLANG_WARN__DUPLICATE_METHOD_MATCH = YES;
				COPY_PHASE_STRIP = NO;
				DEBUG_INFORMATION_FORMAT = dwarf;
				ENABLE_STRICT_OBJC_MSGSEND = YES;
				ENABLE_TESTABILITY = YES;
				ENABLE_USER_SCRIPT_SANDBOXING = YES;
				GCC_C_LANGUAGE_STANDARD = gnu17;
				GCC_DYNAMIC_NO_PIC = NO;
				GCC_NO_COMMON_BLOCKS = YES;
				GCC_OPTIMIZATION_LEVEL = 0;
				GCC_PREPROCESSOR_DEFINITIONS = (
					"DEBUG=1",
					"$(inherited)",
				);
				GCC_WARN_64_TO_32_BIT_CONVERSION = YES;
				GCC_WARN_ABOUT_RETURN_TYPE = YES_ERROR;
				GCC_WARN_UNDECLARED_SELECTOR = YES;
				GCC_WARN_UNINITIALIZED_AUTOS = YES_AGGRESSIVE;
				GCC_WARN_UNUSED_FUNCTION = YES;
				GCC_WARN_UNUSED_VARIABLE = YES;
				IPHONEOS_DEPLOYMENT_TARGET = 17.0;
				LOCALIZATION_PREFERS_STRING_CATALOGS = YES;
				MTL_ENABLE_DEBUG_INFO = INCLUDE_SOURCE;
				MTL_FAST_MATH = YES;
				ONLY_ACTIVE_ARCH = YES;
				SDKROOT = iphoneos;
				SWIFT_ACTIVE_COMPILATION_CONDITIONS = "DEBUG $(inherited)";
				SWIFT_OPTIMIZATION_LEVEL = "-Onone";
			};
			name = Debug;
		};
		BF323A962B202A2D0035BA09 /* Release */ = {
			isa = XCBuildConfiguration;
			buildSettings = {
				ALWAYS_SEARCH_USER_PATHS = NO;
				ASSETCATALOG_COMPILER_GENERATE_SWIFT_ASSET_SYMBOL_EXTENSIONS = YES;
				CLANG_ANALYZER_NONNULL = YES;
				CLANG_ANALYZER_NUMBER_OBJECT_CONVERSION = YES_AGGRESSIVE;
				CLANG_CXX_LANGUAGE_STANDARD = "gnu++20";
				CLANG_ENABLE_MODULES = YES;
				CLANG_ENABLE_OBJC_ARC = YES;
				CLANG_ENABLE_OBJC_WEAK = YES;
				CLANG_WARN_BLOCK_CAPTURE_AUTORELEASING = YES;
				CLANG_WARN_BOOL_CONVERSION = YES;
				CLANG_WARN_COMMA = YES;
				CLANG_WARN_CONSTANT_CONVERSION = YES;
				CLANG_WARN_DEPRECATED_OBJC_IMPLEMENTATIONS = YES;
				CLANG_WARN_DIRECT_OBJC_ISA_USAGE = YES_ERROR;
				CLANG_WARN_DOCUMENTATION_COMMENTS = YES;
				CLANG_WARN_EMPTY_BODY = YES;
				CLANG_WARN_ENUM_CONVERSION = YES;
				CLANG_WARN_INFINITE_RECURSION = YES;
				CLANG_WARN_INT_CONVERSION = YES;
				CLANG_WARN_NON_LITERAL_NULL_CONVERSION = YES;
				CLANG_WARN_OBJC_IMPLICIT_RETAIN_SELF = YES;
				CLANG_WARN_OBJC_LITERAL_CONVERSION = YES;
				CLANG_WARN_OBJC_ROOT_CLASS = YES_ERROR;
				CLANG_WARN_QUOTED_INCLUDE_IN_FRAMEWORK_HEADER = YES;
				CLANG_WARN_RANGE_LOOP_ANALYSIS = YES;
				CLANG_WARN_STRICT_PROTOTYPES = YES;
				CLANG_WARN_SUSPICIOUS_MOVE = YES;
				CLANG_WARN_UNGUARDED_AVAILABILITY = YES_AGGRESSIVE;
				CLANG_WARN_UNREACHABLE_CODE = YES;
				CLANG_WARN__DUPLICATE_METHOD_MATCH = YES;
				COPY_PHASE_STRIP = NO;
				DEBUG_INFORMATION_FORMAT = "dwarf-with-dsym";
				ENABLE_NS_ASSERTIONS = NO;
				ENABLE_STRICT_OBJC_MSGSEND = YES;
				ENABLE_USER_SCRIPT_SANDBOXING = YES;
				GCC_C_LANGUAGE_STANDARD = gnu17;
				GCC_NO_COMMON_BLOCKS = YES;
				GCC_WARN_64_TO_32_BIT_CONVERSION = YES;
				GCC_WARN_ABOUT_RETURN_TYPE = YES_ERROR;
				GCC_WARN_UNDECLARED_SELECTOR = YES;
				GCC_WARN_UNINITIALIZED_AUTOS = YES_AGGRESSIVE;
				GCC_WARN_UNUSED_FUNCTION = YES;
				GCC_WARN_UNUSED_VARIABLE = YES;
				IPHONEOS_DEPLOYMENT_TARGET = 17.0;
				LOCALIZATION_PREFERS_STRING_CATALOGS = YES;
				MTL_ENABLE_DEBUG_INFO = NO;
				MTL_FAST_MATH = YES;
				SDKROOT = iphoneos;
				SWIFT_COMPILATION_MODE = wholemodule;
				VALIDATE_PRODUCT = YES;
			};
			name = Release;
		};
		BF323A982B202A2D0035BA09 /* Debug */ = {
			isa = XCBuildConfiguration;
			buildSettings = {
				ASSETCATALOG_COMPILER_APPICON_NAME = AppIcon;
				ASSETCATALOG_COMPILER_GLOBAL_ACCENT_COLOR_NAME = AccentColor;
				CODE_SIGN_STYLE = Automatic;
				CURRENT_PROJECT_VERSION = 1;
				DEVELOPMENT_TEAM = 76984GDP6C;
				GENERATE_INFOPLIST_FILE = YES;
				INFOPLIST_FILE = WeatherApp/Info.plist;
				INFOPLIST_KEY_UIApplicationSupportsIndirectInputEvents = YES;
				INFOPLIST_KEY_UILaunchStoryboardName = LaunchScreen;
				INFOPLIST_KEY_UIMainStoryboardFile = Main;
				INFOPLIST_KEY_UISupportedInterfaceOrientations_iPad = "UIInterfaceOrientationPortrait UIInterfaceOrientationPortraitUpsideDown UIInterfaceOrientationLandscapeLeft UIInterfaceOrientationLandscapeRight";
				INFOPLIST_KEY_UISupportedInterfaceOrientations_iPhone = "UIInterfaceOrientationPortrait UIInterfaceOrientationLandscapeLeft UIInterfaceOrientationLandscapeRight";
				LD_RUNPATH_SEARCH_PATHS = (
					"$(inherited)",
					"@executable_path/Frameworks",
				);
				MARKETING_VERSION = 1.0;
				PRODUCT_BUNDLE_IDENTIFIER = Refat.WeatherApp;
				PRODUCT_NAME = "$(TARGET_NAME)";
				SWIFT_EMIT_LOC_STRINGS = YES;
				SWIFT_VERSION = 5.0;
				TARGETED_DEVICE_FAMILY = "1,2";
			};
			name = Debug;
		};
		BF323A992B202A2D0035BA09 /* Release */ = {
			isa = XCBuildConfiguration;
			buildSettings = {
				ASSETCATALOG_COMPILER_APPICON_NAME = AppIcon;
				ASSETCATALOG_COMPILER_GLOBAL_ACCENT_COLOR_NAME = AccentColor;
				CODE_SIGN_STYLE = Automatic;
				CURRENT_PROJECT_VERSION = 1;
				DEVELOPMENT_TEAM = 76984GDP6C;
				GENERATE_INFOPLIST_FILE = YES;
				INFOPLIST_FILE = WeatherApp/Info.plist;
				INFOPLIST_KEY_UIApplicationSupportsIndirectInputEvents = YES;
				INFOPLIST_KEY_UILaunchStoryboardName = LaunchScreen;
				INFOPLIST_KEY_UIMainStoryboardFile = Main;
				INFOPLIST_KEY_UISupportedInterfaceOrientations_iPad = "UIInterfaceOrientationPortrait UIInterfaceOrientationPortraitUpsideDown UIInterfaceOrientationLandscapeLeft UIInterfaceOrientationLandscapeRight";
				INFOPLIST_KEY_UISupportedInterfaceOrientations_iPhone = "UIInterfaceOrientationPortrait UIInterfaceOrientationLandscapeLeft UIInterfaceOrientationLandscapeRight";
				LD_RUNPATH_SEARCH_PATHS = (
					"$(inherited)",
					"@executable_path/Frameworks",
				);
				MARKETING_VERSION = 1.0;
				PRODUCT_BUNDLE_IDENTIFIER = Refat.WeatherApp;
				PRODUCT_NAME = "$(TARGET_NAME)";
				SWIFT_EMIT_LOC_STRINGS = YES;
				SWIFT_VERSION = 5.0;
				TARGETED_DEVICE_FAMILY = "1,2";
			};
			name = Release;
		};
/* End XCBuildConfiguration section */

/* Begin XCConfigurationList section */
		BF323A7B2B202A2B0035BA09 /* Build configuration list for PBXProject "WeatherApp" */ = {
			isa = XCConfigurationList;
			buildConfigurations = (
				BF323A952B202A2D0035BA09 /* Debug */,
				BF323A962B202A2D0035BA09 /* Release */,
			);
			defaultConfigurationIsVisible = 0;
			defaultConfigurationName = Release;
		};
		BF323A972B202A2D0035BA09 /* Build configuration list for PBXNativeTarget "WeatherApp" */ = {
			isa = XCConfigurationList;
			buildConfigurations = (
				BF323A982B202A2D0035BA09 /* Debug */,
				BF323A992B202A2D0035BA09 /* Release */,
			);
			defaultConfigurationIsVisible = 0;
			defaultConfigurationName = Release;
		};
/* End XCConfigurationList section */

/* Begin XCVersionGroup section */
		BF323A8C2B202A2B0035BA09 /* WeatherApp.xcdatamodeld */ = {
			isa = XCVersionGroup;
			children = (
				BF323A8D2B202A2B0035BA09 /* WeatherApp.xcdatamodel */,
			);
			currentVersion = BF323A8D2B202A2B0035BA09 /* WeatherApp.xcdatamodel */;
			path = WeatherApp.xcdatamodeld;
			sourceTree = "<group>";
			versionGroupType = wrapper.xcdatamodel;
		};
/* End XCVersionGroup section */
	};
	rootObject = BF323A782B202A2B0035BA09 /* Project object */;
}
