// !$*UTF8*$!
{
	archiveVersion = 1;
	classes = {
	};
	objectVersion = 56;
	objects = {

/* Begin PBXBuildFile section */
		B9DB21F51F25205460CEA952 /* Pods_WeatherApp.framework in Frameworks */ = {isa = PBXBuildFile; fileRef = 199369B0DA80F642A02E7DD1 /* Pods_WeatherApp.framework */; };
		BF1FD1742B25ABF8002D71A5 /* WeatherForecastCollectionViewCell.swift in Sources */ = {isa = PBXBuildFile; fileRef = BF1FD1722B25ABF8002D71A5 /* WeatherForecastCollectionViewCell.swift */; };
		BF1FD1752B25ABF8002D71A5 /* WeatherForecastCollectionViewCell.xib in Resources */ = {isa = PBXBuildFile; fileRef = BF1FD1732B25ABF8002D71A5 /* WeatherForecastCollectionViewCell.xib */; };
		BF1FD1772B25BEC7002D71A5 /* NetworkManager.swift in Sources */ = {isa = PBXBuildFile; fileRef = BF1FD1762B25BEC7002D71A5 /* NetworkManager.swift */; };
		BF323A842B202A2B0035BA09 /* AppDelegate.swift in Sources */ = {isa = PBXBuildFile; fileRef = BF323A832B202A2B0035BA09 /* AppDelegate.swift */; };
		BF323A862B202A2B0035BA09 /* SceneDelegate.swift in Sources */ = {isa = PBXBuildFile; fileRef = BF323A852B202A2B0035BA09 /* SceneDelegate.swift */; };
		BF323A882B202A2B0035BA09 /* ViewController.swift in Sources */ = {isa = PBXBuildFile; fileRef = BF323A872B202A2B0035BA09 /* ViewController.swift */; };
		BF323A8B2B202A2B0035BA09 /* Main.storyboard in Resources */ = {isa = PBXBuildFile; fileRef = BF323A892B202A2B0035BA09 /* Main.storyboard */; };
		BF323A8E2B202A2B0035BA09 /* WeatherApp.xcdatamodeld in Sources */ = {isa = PBXBuildFile; fileRef = BF323A8C2B202A2B0035BA09 /* WeatherApp.xcdatamodeld */; };
		BF323A902B202A2D0035BA09 /* Assets.xcassets in Resources */ = {isa = PBXBuildFile; fileRef = BF323A8F2B202A2D0035BA09 /* Assets.xcassets */; };
		BF323A932B202A2D0035BA09 /* LaunchScreen.storyboard in Resources */ = {isa = PBXBuildFile; fileRef = BF323A912B202A2D0035BA09 /* LaunchScreen.storyboard */; };
		BF49A66D2B39425B009003D8 /* WeatherForecastResponse.swift in Sources */ = {isa = PBXBuildFile; fileRef = BF49A66C2B39425B009003D8 /* WeatherForecastResponse.swift */; };
		BF49A66F2B39429D009003D8 /* CurrentWeatherInfoResponse.swift in Sources */ = {isa = PBXBuildFile; fileRef = BF49A66E2B39429D009003D8 /* CurrentWeatherInfoResponse.swift */; };
		BFA076A82B32BD1900D2F55E /* ConstantKeys.swift in Sources */ = {isa = PBXBuildFile; fileRef = BFA076A72B32BD1900D2F55E /* ConstantKeys.swift */; };
		BFE4001C2B2B0AB400762F58 /* RealmManager.swift in Sources */ = {isa = PBXBuildFile; fileRef = BFE4001B2B2B0AB400762F58 /* RealmManager.swift */; };
		BFE4001E2B2B0B5900762F58 /* WeatherInfoRealm.swift in Sources */ = {isa = PBXBuildFile; fileRef = BFE4001D2B2B0B5900762F58 /* WeatherInfoRealm.swift */; };
		BFE400202B2B0B7200762F58 /* WeatherForecastRealm.swift in Sources */ = {isa = PBXBuildFile; fileRef = BFE4001F2B2B0B7200762F58 /* WeatherForecastRealm.swift */; };
		BFE400222B2B0EC100762F58 /* HourlyWeatherForecastRealm.swift in Sources */ = {isa = PBXBuildFile; fileRef = BFE400212B2B0EC100762F58 /* HourlyWeatherForecastRealm.swift */; };
		BFFB15FC2B26BE12005454D7 /* LocationSearchViewController.swift in Sources */ = {isa = PBXBuildFile; fileRef = BFFB15FB2B26BE12005454D7 /* LocationSearchViewController.swift */; };
		BFFB15FE2B26BE56005454D7 /* WeatherForecastViewController.swift in Sources */ = {isa = PBXBuildFile; fileRef = BFFB15FD2B26BE56005454D7 /* WeatherForecastViewController.swift */; };
		BFFB16032B26CE4A005454D7 /* WeatherForecastDataTableViewCell.swift in Sources */ = {isa = PBXBuildFile; fileRef = BFFB16012B26CE4A005454D7 /* WeatherForecastDataTableViewCell.swift */; };
		BFFB16042B26CE4A005454D7 /* WeatherForecastDataTableViewCell.xib in Resources */ = {isa = PBXBuildFile; fileRef = BFFB16022B26CE4A005454D7 /* WeatherForecastDataTableViewCell.xib */; };
/* End PBXBuildFile section */

/* Begin PBXFileReference section */
		199369B0DA80F642A02E7DD1 /* Pods_WeatherApp.framework */ = {isa = PBXFileReference; explicitFileType = wrapper.framework; includeInIndex = 0; path = Pods_WeatherApp.framework; sourceTree = BUILT_PRODUCTS_DIR; };
		459D572677494E2183B315C2 /* Pods-WeatherApp.release.xcconfig */ = {isa = PBXFileReference; includeInIndex = 1; lastKnownFileType = text.xcconfig; name = "Pods-WeatherApp.release.xcconfig"; path = "Target Support Files/Pods-WeatherApp/Pods-WeatherApp.release.xcconfig"; sourceTree = "<group>"; };
		79B23C4F91F3A8E210E5B365 /* Pods-WeatherApp.debug.xcconfig */ = {isa = PBXFileReference; includeInIndex = 1; lastKnownFileType = text.xcconfig; name = "Pods-WeatherApp.debug.xcconfig"; path = "Target Support Files/Pods-WeatherApp/Pods-WeatherApp.debug.xcconfig"; sourceTree = "<group>"; };
		BF1FD1722B25ABF8002D71A5 /* WeatherForecastCollectionViewCell.swift */ = {isa = PBXFileReference; lastKnownFileType = sourcecode.swift; path = WeatherForecastCollectionViewCell.swift; sourceTree = "<group>"; };
		BF1FD1732B25ABF8002D71A5 /* WeatherForecastCollectionViewCell.xib */ = {isa = PBXFileReference; lastKnownFileType = file.xib; path = WeatherForecastCollectionViewCell.xib; sourceTree = "<group>"; };
		BF1FD1762B25BEC7002D71A5 /* NetworkManager.swift */ = {isa = PBXFileReference; lastKnownFileType = sourcecode.swift; path = NetworkManager.swift; sourceTree = "<group>"; };
		BF323A802B202A2B0035BA09 /* WeatherApp.app */ = {isa = PBXFileReference; explicitFileType = wrapper.application; includeInIndex = 0; path = WeatherApp.app; sourceTree = BUILT_PRODUCTS_DIR; };
		BF323A832B202A2B0035BA09 /* AppDelegate.swift */ = {isa = PBXFileReference; lastKnownFileType = sourcecode.swift; path = AppDelegate.swift; sourceTree = "<group>"; };
		BF323A852B202A2B0035BA09 /* SceneDelegate.swift */ = {isa = PBXFileReference; lastKnownFileType = sourcecode.swift; path = SceneDelegate.swift; sourceTree = "<group>"; };
		BF323A872B202A2B0035BA09 /* ViewController.swift */ = {isa = PBXFileReference; lastKnownFileType = sourcecode.swift; path = ViewController.swift; sourceTree = "<group>"; };
		BF323A8A2B202A2B0035BA09 /* Base */ = {isa = PBXFileReference; lastKnownFileType = file.storyboard; name = Base; path = Base.lproj/Main.storyboard; sourceTree = "<group>"; };
		BF323A8D2B202A2B0035BA09 /* WeatherApp.xcdatamodel */ = {isa = PBXFileReference; lastKnownFileType = wrapper.xcdatamodel; path = WeatherApp.xcdatamodel; sourceTree = "<group>"; };
		BF323A8F2B202A2D0035BA09 /* Assets.xcassets */ = {isa = PBXFileReference; lastKnownFileType = folder.assetcatalog; path = Assets.xcassets; sourceTree = "<group>"; };
		BF323A922B202A2D0035BA09 /* Base */ = {isa = PBXFileReference; lastKnownFileType = file.storyboard; name = Base; path = Base.lproj/LaunchScreen.storyboard; sourceTree = "<group>"; };
		BF323A942B202A2D0035BA09 /* Info.plist */ = {isa = PBXFileReference; lastKnownFileType = text.plist.xml; path = Info.plist; sourceTree = "<group>"; };
		BF49A66C2B39425B009003D8 /* WeatherForecastResponse.swift */ = {isa = PBXFileReference; lastKnownFileType = sourcecode.swift; path = WeatherForecastResponse.swift; sourceTree = "<group>"; };
		BF49A66E2B39429D009003D8 /* CurrentWeatherInfoResponse.swift */ = {isa = PBXFileReference; lastKnownFileType = sourcecode.swift; path = CurrentWeatherInfoResponse.swift; sourceTree = "<group>"; };
		BFA076A72B32BD1900D2F55E /* ConstantKeys.swift */ = {isa = PBXFileReference; lastKnownFileType = sourcecode.swift; path = ConstantKeys.swift; sourceTree = "<group>"; };
		BFE4001B2B2B0AB400762F58 /* RealmManager.swift */ = {isa = PBXFileReference; lastKnownFileType = sourcecode.swift; path = RealmManager.swift; sourceTree = "<group>"; };
		BFE4001D2B2B0B5900762F58 /* WeatherInfoRealm.swift */ = {isa = PBXFileReference; lastKnownFileType = sourcecode.swift; path = WeatherInfoRealm.swift; sourceTree = "<group>"; };
		BFE4001F2B2B0B7200762F58 /* WeatherForecastRealm.swift */ = {isa = PBXFileReference; lastKnownFileType = sourcecode.swift; path = WeatherForecastRealm.swift; sourceTree = "<group>"; };
		BFE400212B2B0EC100762F58 /* HourlyWeatherForecastRealm.swift */ = {isa = PBXFileReference; lastKnownFileType = sourcecode.swift; path = HourlyWeatherForecastRealm.swift; sourceTree = "<group>"; };
		BFFB15FB2B26BE12005454D7 /* LocationSearchViewController.swift */ = {isa = PBXFileReference; lastKnownFileType = sourcecode.swift; path = LocationSearchViewController.swift; sourceTree = "<group>"; };
		BFFB15FD2B26BE56005454D7 /* WeatherForecastViewController.swift */ = {isa = PBXFileReference; lastKnownFileType = sourcecode.swift; path = WeatherForecastViewController.swift; sourceTree = "<group>"; };
		BFFB16012B26CE4A005454D7 /* WeatherForecastDataTableViewCell.swift */ = {isa = PBXFileReference; lastKnownFileType = sourcecode.swift; path = WeatherForecastDataTableViewCell.swift; sourceTree = "<group>"; };
		BFFB16022B26CE4A005454D7 /* WeatherForecastDataTableViewCell.xib */ = {isa = PBXFileReference; lastKnownFileType = file.xib; path = WeatherForecastDataTableViewCell.xib; sourceTree = "<group>"; };
/* End PBXFileReference section */

/* Begin PBXFrameworksBuildPhase section */
		BF323A7D2B202A2B0035BA09 /* Frameworks */ = {
			isa = PBXFrameworksBuildPhase;
			buildActionMask = 2147483647;
			files = (
				B9DB21F51F25205460CEA952 /* Pods_WeatherApp.framework in Frameworks */,
			);
			runOnlyForDeploymentPostprocessing = 0;
		};
/* End PBXFrameworksBuildPhase section */

/* Begin PBXGroup section */
		5376CC5035F6D604E5333E93 /* Pods */ = {
			isa = PBXGroup;
			children = (
				79B23C4F91F3A8E210E5B365 /* Pods-WeatherApp.debug.xcconfig */,
				459D572677494E2183B315C2 /* Pods-WeatherApp.release.xcconfig */,
			);
			path = Pods;
			sourceTree = "<group>";
		};
		8C1F7FEB974A0192B3ACCD4A /* Frameworks */ = {
			isa = PBXGroup;
			children = (
				199369B0DA80F642A02E7DD1 /* Pods_WeatherApp.framework */,
			);
			name = Frameworks;
			sourceTree = "<group>";
		};
		BF323A772B202A2B0035BA09 = {
			isa = PBXGroup;
			children = (
				BF323A822B202A2B0035BA09 /* WeatherApp */,
				BF323A812B202A2B0035BA09 /* Products */,
				5376CC5035F6D604E5333E93 /* Pods */,
				8C1F7FEB974A0192B3ACCD4A /* Frameworks */,
			);
			sourceTree = "<group>";
		};
		BF323A812B202A2B0035BA09 /* Products */ = {
			isa = PBXGroup;
			children = (
				BF323A802B202A2B0035BA09 /* WeatherApp.app */,
			);
			name = Products;
			sourceTree = "<group>";
		};
		BF323A822B202A2B0035BA09 /* WeatherApp */ = {
			isa = PBXGroup;
			children = (
				BF49A6742B394452009003D8 /* Model */,
				BF49A6732B394386009003D8 /* Utility */,
				BF49A6722B3942E2009003D8 /* Services */,
				BF49A66B2B39419D009003D8 /* Supporting Files */,
				BF49A66A2B394164009003D8 /* Resources */,
				BF49A6692B39412A009003D8 /* StoryBoard */,
				BF49A6682B3940F4009003D8 /* Configuration Files */,
				BF49A6672B39404F009003D8 /* Responsess */,
				BF49A6662B394041009003D8 /* ViewModel */,
				BF49A6652B393F79009003D8 /* ViewController */,
				BF49A6642B393F52009003D8 /* CustomTableViewCells */,
				BF49A6632B393F07009003D8 /* CustomColllectionViewCell */,
			);
			path = WeatherApp;
			sourceTree = "<group>";
		};
		BF49A6632B393F07009003D8 /* CustomColllectionViewCell */ = {
			isa = PBXGroup;
			children = (
				BF1FD1722B25ABF8002D71A5 /* WeatherForecastCollectionViewCell.swift */,
				BF1FD1732B25ABF8002D71A5 /* WeatherForecastCollectionViewCell.xib */,
			);
			path = CustomColllectionViewCell;
			sourceTree = "<group>";
		};
		BF49A6642B393F52009003D8 /* CustomTableViewCells */ = {
			isa = PBXGroup;
			children = (
				BFFB16012B26CE4A005454D7 /* WeatherForecastDataTableViewCell.swift */,
				BFFB16022B26CE4A005454D7 /* WeatherForecastDataTableViewCell.xib */,
			);
			path = CustomTableViewCells;
			sourceTree = "<group>";
		};
		BF49A6652B393F79009003D8 /* ViewController */ = {
			isa = PBXGroup;
			children = (
				BFFB15FD2B26BE56005454D7 /* WeatherForecastViewController.swift */,
				BFFB15FB2B26BE12005454D7 /* LocationSearchViewController.swift */,
				BF323A872B202A2B0035BA09 /* ViewController.swift */,
			);
			path = ViewController;
			sourceTree = "<group>";
		};
		BF49A6662B394041009003D8 /* ViewModel */ = {
			isa = PBXGroup;
			children = (
			);
			path = ViewModel;
			sourceTree = "<group>";
		};
		BF49A6672B39404F009003D8 /* Responsess */ = {
			isa = PBXGroup;
			children = (
				BF49A66C2B39425B009003D8 /* WeatherForecastResponse.swift */,
				BF49A66E2B39429D009003D8 /* CurrentWeatherInfoResponse.swift */,
			);
			path = Responsess;
			sourceTree = "<group>";
		};
		BF49A6682B3940F4009003D8 /* Configuration Files */ = {
			isa = PBXGroup;
			children = (
				BF323A8C2B202A2B0035BA09 /* WeatherApp.xcdatamodeld */,
				BF323A852B202A2B0035BA09 /* SceneDelegate.swift */,
				BF323A832B202A2B0035BA09 /* AppDelegate.swift */,
			);
			path = "Configuration Files";
			sourceTree = "<group>";
		};
		BF49A6692B39412A009003D8 /* StoryBoard */ = {
			isa = PBXGroup;
			children = (
				BF323A912B202A2D0035BA09 /* LaunchScreen.storyboard */,
				BF323A892B202A2B0035BA09 /* Main.storyboard */,
			);
			path = StoryBoard;
			sourceTree = "<group>";
		};
		BF49A66A2B394164009003D8 /* Resources */ = {
			isa = PBXGroup;
			children = (
				BF323A8F2B202A2D0035BA09 /* Assets.xcassets */,
			);
			path = Resources;
			sourceTree = "<group>";
		};
		BF49A66B2B39419D009003D8 /* Supporting Files */ = {
			isa = PBXGroup;
			children = (
				BF323A942B202A2D0035BA09 /* Info.plist */,
			);
			path = "Supporting Files";
			sourceTree = "<group>";
		};
		BF49A6722B3942E2009003D8 /* Services */ = {
			isa = PBXGroup;
			children = (
				BFE4001B2B2B0AB400762F58 /* RealmManager.swift */,
				BF1FD1762B25BEC7002D71A5 /* NetworkManager.swift */,
			);
			path = Services;
			sourceTree = "<group>";
		};
		BF49A6732B394386009003D8 /* Utility */ = {
			isa = PBXGroup;
			children = (
				BFA076A72B32BD1900D2F55E /* ConstantKeys.swift */,
			);
			path = Utility;
			sourceTree = "<group>";
		};
		BF49A6742B394452009003D8 /* Model */ = {
			isa = PBXGroup;
			children = (
				BFE4001D2B2B0B5900762F58 /* WeatherInfoRealm.swift */,
				BFE4001F2B2B0B7200762F58 /* WeatherForecastRealm.swift */,
				BFE400212B2B0EC100762F58 /* HourlyWeatherForecastRealm.swift */,
			);
			path = Model;
			sourceTree = "<group>";
		};
/* End PBXGroup section */

/* Begin PBXNativeTarget section */
		BF323A7F2B202A2B0035BA09 /* WeatherApp */ = {
			isa = PBXNativeTarget;
			buildConfigurationList = BF323A972B202A2D0035BA09 /* Build configuration list for PBXNativeTarget "WeatherApp" */;
			buildPhases = (
				EE5E90E6DA026CC738AC233C /* [CP] Check Pods Manifest.lock */,
				BF323A7C2B202A2B0035BA09 /* Sources */,
				BF323A7D2B202A2B0035BA09 /* Frameworks */,
				BF323A7E2B202A2B0035BA09 /* Resources */,
				52EF2A04A2EB8C7E0E019FAC /* [CP] Embed Pods Frameworks */,
			);
			buildRules = (
			);
			dependencies = (
			);
			name = WeatherApp;
			productName = WeatherApp;
			productReference = BF323A802B202A2B0035BA09 /* WeatherApp.app */;
			productType = "com.apple.product-type.application";
		};
/* End PBXNativeTarget section */

/* Begin PBXProject section */
		BF323A782B202A2B0035BA09 /* Project object */ = {
			isa = PBXProject;
			attributes = {
				BuildIndependentTargetsInParallel = 1;
				LastSwiftUpdateCheck = 1500;
				LastUpgradeCheck = 1500;
				TargetAttributes = {
					BF323A7F2B202A2B0035BA09 = {
						CreatedOnToolsVersion = 15.0.1;
					};
				};
			};
			buildConfigurationList = BF323A7B2B202A2B0035BA09 /* Build configuration list for PBXProject "WeatherApp" */;
			compatibilityVersion = "Xcode 14.0";
			developmentRegion = en;
			hasScannedForEncodings = 0;
			knownRegions = (
				en,
				Base,
			);
			mainGroup = BF323A772B202A2B0035BA09;
			productRefGroup = BF323A812B202A2B0035BA09 /* Products */;
			projectDirPath = "";
			projectRoot = "";
			targets = (
				BF323A7F2B202A2B0035BA09 /* WeatherApp */,
			);
		};
/* End PBXProject section */

/* Begin PBXResourcesBuildPhase section */
		BF323A7E2B202A2B0035BA09 /* Resources */ = {
			isa = PBXResourcesBuildPhase;
			buildActionMask = 2147483647;
			files = (
				BFFB16042B26CE4A005454D7 /* WeatherForecastDataTableViewCell.xib in Resources */,
				BF1FD1752B25ABF8002D71A5 /* WeatherForecastCollectionViewCell.xib in Resources */,
				BF323A932B202A2D0035BA09 /* LaunchScreen.storyboard in Resources */,
				BF323A902B202A2D0035BA09 /* Assets.xcassets in Resources */,
				BF323A8B2B202A2B0035BA09 /* Main.storyboard in Resources */,
			);
			runOnlyForDeploymentPostprocessing = 0;
		};
/* End PBXResourcesBuildPhase section */

/* Begin PBXShellScriptBuildPhase section */
		52EF2A04A2EB8C7E0E019FAC /* [CP] Embed Pods Frameworks */ = {
			isa = PBXShellScriptBuildPhase;
			buildActionMask = 2147483647;
			files = (
			);
			inputFileListPaths = (
				"${PODS_ROOT}/Target Support Files/Pods-WeatherApp/Pods-WeatherApp-frameworks-${CONFIGURATION}-input-files.xcfilelist",
			);
			name = "[CP] Embed Pods Frameworks";
			outputFileListPaths = (
				"${PODS_ROOT}/Target Support Files/Pods-WeatherApp/Pods-WeatherApp-frameworks-${CONFIGURATION}-output-files.xcfilelist",
			);
			runOnlyForDeploymentPostprocessing = 0;
			shellPath = /bin/sh;
			shellScript = "\"${PODS_ROOT}/Target Support Files/Pods-WeatherApp/Pods-WeatherApp-frameworks.sh\"\n";
			showEnvVarsInLog = 0;
		};
		EE5E90E6DA026CC738AC233C /* [CP] Check Pods Manifest.lock */ = {
			isa = PBXShellScriptBuildPhase;
			buildActionMask = 2147483647;
			files = (
			);
			inputFileListPaths = (
			);
			inputPaths = (
				"${PODS_PODFILE_DIR_PATH}/Podfile.lock",
				"${PODS_ROOT}/Manifest.lock",
			);
			name = "[CP] Check Pods Manifest.lock";
			outputFileListPaths = (
			);
			outputPaths = (
				"$(DERIVED_FILE_DIR)/Pods-WeatherApp-checkManifestLockResult.txt",
			);
			runOnlyForDeploymentPostprocessing = 0;
			shellPath = /bin/sh;
			shellScript = "diff \"${PODS_PODFILE_DIR_PATH}/Podfile.lock\" \"${PODS_ROOT}/Manifest.lock\" > /dev/null\nif [ $? != 0 ] ; then\n    # print error to STDERR\n    echo \"error: The sandbox is not in sync with the Podfile.lock. Run 'pod install' or update your CocoaPods installation.\" >&2\n    exit 1\nfi\n# This output is used by Xcode 'outputs' to avoid re-running this script phase.\necho \"SUCCESS\" > \"${SCRIPT_OUTPUT_FILE_0}\"\n";
			showEnvVarsInLog = 0;
		};
/* End PBXShellScriptBuildPhase section */

/* Begin PBXSourcesBuildPhase section */
		BF323A7C2B202A2B0035BA09 /* Sources */ = {
			isa = PBXSourcesBuildPhase;
			buildActionMask = 2147483647;
			files = (
				BFFB16032B26CE4A005454D7 /* WeatherForecastDataTableViewCell.swift in Sources */,
				BF1FD1772B25BEC7002D71A5 /* NetworkManager.swift in Sources */,
				BFA076A82B32BD1900D2F55E /* ConstantKeys.swift in Sources */,
				BFE4001E2B2B0B5900762F58 /* WeatherInfoRealm.swift in Sources */,
				BF1FD1742B25ABF8002D71A5 /* WeatherForecastCollectionViewCell.swift in Sources */,
				BFE4001C2B2B0AB400762F58 /* RealmManager.swift in Sources */,
				BF323A8E2B202A2B0035BA09 /* WeatherApp.xcdatamodeld in Sources */,
				BF323A882B202A2B0035BA09 /* ViewController.swift in Sources */,
				BF323A842B202A2B0035BA09 /* AppDelegate.swift in Sources */,
				BF49A66F2B39429D009003D8 /* CurrentWeatherInfoResponse.swift in Sources */,
				BFE400202B2B0B7200762F58 /* WeatherForecastRealm.swift in Sources */,
				BFFB15FC2B26BE12005454D7 /* LocationSearchViewController.swift in Sources */,
				BFFB15FE2B26BE56005454D7 /* WeatherForecastViewController.swift in Sources */,
				BFE400222B2B0EC100762F58 /* HourlyWeatherForecastRealm.swift in Sources */,
				BF323A862B202A2B0035BA09 /* SceneDelegate.swift in Sources */,
				BF49A66D2B39425B009003D8 /* WeatherForecastResponse.swift in Sources */,
			);
			runOnlyForDeploymentPostprocessing = 0;
		};
/* End PBXSourcesBuildPhase section */

/* Begin PBXVariantGroup section */
		BF323A892B202A2B0035BA09 /* Main.storyboard */ = {
			isa = PBXVariantGroup;
			children = (
				BF323A8A2B202A2B0035BA09 /* Base */,
			);
			name = Main.storyboard;
			sourceTree = "<group>";
		};
		BF323A912B202A2D0035BA09 /* LaunchScreen.storyboard */ = {
			isa = PBXVariantGroup;
			children = (
				BF323A922B202A2D0035BA09 /* Base */,
			);
			name = LaunchScreen.storyboard;
			sourceTree = "<group>";
		};
/* End PBXVariantGroup section */

/* Begin XCBuildConfiguration section */
		BF323A952B202A2D0035BA09 /* Debug */ = {
			isa = XCBuildConfiguration;
			buildSettings = {
				ALWAYS_SEARCH_USER_PATHS = NO;
				ASSETCATALOG_COMPILER_GENERATE_SWIFT_ASSET_SYMBOL_EXTENSIONS = YES;
				CLANG_ANALYZER_NONNULL = YES;
				CLANG_ANALYZER_NUMBER_OBJECT_CONVERSION = YES_AGGRESSIVE;
				CLANG_CXX_LANGUAGE_STANDARD = "gnu++20";
				CLANG_ENABLE_MODULES = YES;
				CLANG_ENABLE_OBJC_ARC = YES;
				CLANG_ENABLE_OBJC_WEAK = YES;
				CLANG_WARN_BLOCK_CAPTURE_AUTORELEASING = YES;
				CLANG_WARN_BOOL_CONVERSION = YES;
				CLANG_WARN_COMMA = YES;
				CLANG_WARN_CONSTANT_CONVERSION = YES;
				CLANG_WARN_DEPRECATED_OBJC_IMPLEMENTATIONS = YES;
				CLANG_WARN_DIRECT_OBJC_ISA_USAGE = YES_ERROR;
				CLANG_WARN_DOCUMENTATION_COMMENTS = YES;
				CLANG_WARN_EMPTY_BODY = YES;
				CLANG_WARN_ENUM_CONVERSION = YES;
				CLANG_WARN_INFINITE_RECURSION = YES;
				CLANG_WARN_INT_CONVERSION = YES;
				CLANG_WARN_NON_LITERAL_NULL_CONVERSION = YES;
				CLANG_WARN_OBJC_IMPLICIT_RETAIN_SELF = YES;
				CLANG_WARN_OBJC_LITERAL_CONVERSION = YES;
				CLANG_WARN_OBJC_ROOT_CLASS = YES_ERROR;
				CLANG_WARN_QUOTED_INCLUDE_IN_FRAMEWORK_HEADER = YES;
				CLANG_WARN_RANGE_LOOP_ANALYSIS = YES;
				CLANG_WARN_STRICT_PROTOTYPES = YES;
				CLANG_WARN_SUSPICIOUS_MOVE = YES;
				CLANG_WARN_UNGUARDED_AVAILABILITY = YES_AGGRESSIVE;
				CLANG_WARN_UNREACHABLE_CODE = YES;
				CLANG_WARN__DUPLICATE_METHOD_MATCH = YES;
				COPY_PHASE_STRIP = NO;
				DEBUG_INFORMATION_FORMAT = dwarf;
				ENABLE_STRICT_OBJC_MSGSEND = YES;
				ENABLE_TESTABILITY = YES;
				ENABLE_USER_SCRIPT_SANDBOXING = NO;
				GCC_C_LANGUAGE_STANDARD = gnu17;
				GCC_DYNAMIC_NO_PIC = NO;
				GCC_NO_COMMON_BLOCKS = YES;
				GCC_OPTIMIZATION_LEVEL = 0;
				GCC_PREPROCESSOR_DEFINITIONS = (
					"DEBUG=1",
					"$(inherited)",
				);
				GCC_WARN_64_TO_32_BIT_CONVERSION = YES;
				GCC_WARN_ABOUT_RETURN_TYPE = YES_ERROR;
				GCC_WARN_UNDECLARED_SELECTOR = YES;
				GCC_WARN_UNINITIALIZED_AUTOS = YES_AGGRESSIVE;
				GCC_WARN_UNUSED_FUNCTION = YES;
				GCC_WARN_UNUSED_VARIABLE = YES;
				IPHONEOS_DEPLOYMENT_TARGET = 17.0;
				LOCALIZATION_PREFERS_STRING_CATALOGS = YES;
				MTL_ENABLE_DEBUG_INFO = INCLUDE_SOURCE;
				MTL_FAST_MATH = YES;
				ONLY_ACTIVE_ARCH = YES;
				SDKROOT = iphoneos;
				SWIFT_ACTIVE_COMPILATION_CONDITIONS = "DEBUG $(inherited)";
				SWIFT_OPTIMIZATION_LEVEL = "-Onone";
			};
			name = Debug;
		};
		BF323A962B202A2D0035BA09 /* Release */ = {
			isa = XCBuildConfiguration;
			buildSettings = {
				ALWAYS_SEARCH_USER_PATHS = NO;
				ASSETCATALOG_COMPILER_GENERATE_SWIFT_ASSET_SYMBOL_EXTENSIONS = YES;
				CLANG_ANALYZER_NONNULL = YES;
				CLANG_ANALYZER_NUMBER_OBJECT_CONVERSION = YES_AGGRESSIVE;
				CLANG_CXX_LANGUAGE_STANDARD = "gnu++20";
				CLANG_ENABLE_MODULES = YES;
				CLANG_ENABLE_OBJC_ARC = YES;
				CLANG_ENABLE_OBJC_WEAK = YES;
				CLANG_WARN_BLOCK_CAPTURE_AUTORELEASING = YES;
				CLANG_WARN_BOOL_CONVERSION = YES;
				CLANG_WARN_COMMA = YES;
				CLANG_WARN_CONSTANT_CONVERSION = YES;
				CLANG_WARN_DEPRECATED_OBJC_IMPLEMENTATIONS = YES;
				CLANG_WARN_DIRECT_OBJC_ISA_USAGE = YES_ERROR;
				CLANG_WARN_DOCUMENTATION_COMMENTS = YES;
				CLANG_WARN_EMPTY_BODY = YES;
				CLANG_WARN_ENUM_CONVERSION = YES;
				CLANG_WARN_INFINITE_RECURSION = YES;
				CLANG_WARN_INT_CONVERSION = YES;
				CLANG_WARN_NON_LITERAL_NULL_CONVERSION = YES;
				CLANG_WARN_OBJC_IMPLICIT_RETAIN_SELF = YES;
				CLANG_WARN_OBJC_LITERAL_CONVERSION = YES;
				CLANG_WARN_OBJC_ROOT_CLASS = YES_ERROR;
				CLANG_WARN_QUOTED_INCLUDE_IN_FRAMEWORK_HEADER = YES;
				CLANG_WARN_RANGE_LOOP_ANALYSIS = YES;
				CLANG_WARN_STRICT_PROTOTYPES = YES;
				CLANG_WARN_SUSPICIOUS_MOVE = YES;
				CLANG_WARN_UNGUARDED_AVAILABILITY = YES_AGGRESSIVE;
				CLANG_WARN_UNREACHABLE_CODE = YES;
				CLANG_WARN__DUPLICATE_METHOD_MATCH = YES;
				COPY_PHASE_STRIP = NO;
				DEBUG_INFORMATION_FORMAT = "dwarf-with-dsym";
				ENABLE_NS_ASSERTIONS = NO;
				ENABLE_STRICT_OBJC_MSGSEND = YES;
				ENABLE_USER_SCRIPT_SANDBOXING = NO;
				GCC_C_LANGUAGE_STANDARD = gnu17;
				GCC_NO_COMMON_BLOCKS = YES;
				GCC_WARN_64_TO_32_BIT_CONVERSION = YES;
				GCC_WARN_ABOUT_RETURN_TYPE = YES_ERROR;
				GCC_WARN_UNDECLARED_SELECTOR = YES;
				GCC_WARN_UNINITIALIZED_AUTOS = YES_AGGRESSIVE;
				GCC_WARN_UNUSED_FUNCTION = YES;
				GCC_WARN_UNUSED_VARIABLE = YES;
				IPHONEOS_DEPLOYMENT_TARGET = 17.0;
				LOCALIZATION_PREFERS_STRING_CATALOGS = YES;
				MTL_ENABLE_DEBUG_INFO = NO;
				MTL_FAST_MATH = YES;
				SDKROOT = iphoneos;
				SWIFT_COMPILATION_MODE = wholemodule;
				VALIDATE_PRODUCT = YES;
			};
			name = Release;
		};
		BF323A982B202A2D0035BA09 /* Debug */ = {
			isa = XCBuildConfiguration;
			baseConfigurationReference = 79B23C4F91F3A8E210E5B365 /* Pods-WeatherApp.debug.xcconfig */;
			buildSettings = {
				ASSETCATALOG_COMPILER_APPICON_NAME = AppIcon;
				ASSETCATALOG_COMPILER_GLOBAL_ACCENT_COLOR_NAME = AccentColor;
				CODE_SIGN_ENTITLEMENTS = "WeatherApp/Supporting Files/Info.plist";
				CODE_SIGN_STYLE = Automatic;
				CURRENT_PROJECT_VERSION = 1;
				DEVELOPMENT_TEAM = 76984GDP6C;
				ENABLE_USER_SCRIPT_SANDBOXING = NO;
				GENERATE_INFOPLIST_FILE = YES;
				INFOPLIST_FILE = "WeatherApp/Supporting Files/Info.plist";
				INFOPLIST_KEY_NSLocationAlwaysAndWhenInUseUsageDescription = "Weather App wants to access your Location";
				INFOPLIST_KEY_NSLocationAlwaysUsageDescription = "Weather App wants to access your Location";
				INFOPLIST_KEY_NSLocationWhenInUseUsageDescription = "Weather App wants to access your Location";
				INFOPLIST_KEY_UIApplicationSupportsIndirectInputEvents = YES;
				INFOPLIST_KEY_UILaunchStoryboardName = LaunchScreen;
				INFOPLIST_KEY_UIMainStoryboardFile = Main;
				INFOPLIST_KEY_UISupportedInterfaceOrientations_iPad = "UIInterfaceOrientationPortrait UIInterfaceOrientationPortraitUpsideDown UIInterfaceOrientationLandscapeLeft UIInterfaceOrientationLandscapeRight";
				INFOPLIST_KEY_UISupportedInterfaceOrientations_iPhone = "UIInterfaceOrientationPortrait UIInterfaceOrientationLandscapeLeft UIInterfaceOrientationLandscapeRight";
				LD_RUNPATH_SEARCH_PATHS = (
					"$(inherited)",
					"@executable_path/Frameworks",
				);
				MARKETING_VERSION = 1.0;
				PRODUCT_BUNDLE_IDENTIFIER = Refat.WeatherApp;
				PRODUCT_NAME = "$(TARGET_NAME)";
				SWIFT_EMIT_LOC_STRINGS = YES;
				SWIFT_VERSION = 5.0;
				TARGETED_DEVICE_FAMILY = "1,2";
			};
			name = Debug;
		};
		BF323A992B202A2D0035BA09 /* Release */ = {
			isa = XCBuildConfiguration;
			baseConfigurationReference = 459D572677494E2183B315C2 /* Pods-WeatherApp.release.xcconfig */;
			buildSettings = {
				ASSETCATALOG_COMPILER_APPICON_NAME = AppIcon;
				ASSETCATALOG_COMPILER_GLOBAL_ACCENT_COLOR_NAME = AccentColor;
				CODE_SIGN_ENTITLEMENTS = "WeatherApp/Supporting Files/Info.plist";
				CODE_SIGN_STYLE = Automatic;
				CURRENT_PROJECT_VERSION = 1;
				DEVELOPMENT_TEAM = 76984GDP6C;
				ENABLE_USER_SCRIPT_SANDBOXING = NO;
				GENERATE_INFOPLIST_FILE = YES;
				INFOPLIST_FILE = "WeatherApp/Supporting Files/Info.plist";
				INFOPLIST_KEY_NSLocationAlwaysAndWhenInUseUsageDescription = "Weather App wants to access your Location";
				INFOPLIST_KEY_NSLocationAlwaysUsageDescription = "Weather App wants to access your Location";
				INFOPLIST_KEY_NSLocationWhenInUseUsageDescription = "Weather App wants to access your Location";
				INFOPLIST_KEY_UIApplicationSupportsIndirectInputEvents = YES;
				INFOPLIST_KEY_UILaunchStoryboardName = LaunchScreen;
				INFOPLIST_KEY_UIMainStoryboardFile = Main;
				INFOPLIST_KEY_UISupportedInterfaceOrientations_iPad = "UIInterfaceOrientationPortrait UIInterfaceOrientationPortraitUpsideDown UIInterfaceOrientationLandscapeLeft UIInterfaceOrientationLandscapeRight";
				INFOPLIST_KEY_UISupportedInterfaceOrientations_iPhone = "UIInterfaceOrientationPortrait UIInterfaceOrientationLandscapeLeft UIInterfaceOrientationLandscapeRight";
				LD_RUNPATH_SEARCH_PATHS = (
					"$(inherited)",
					"@executable_path/Frameworks",
				);
				MARKETING_VERSION = 1.0;
				PRODUCT_BUNDLE_IDENTIFIER = Refat.WeatherApp;
				PRODUCT_NAME = "$(TARGET_NAME)";
				SWIFT_EMIT_LOC_STRINGS = YES;
				SWIFT_VERSION = 5.0;
				TARGETED_DEVICE_FAMILY = "1,2";
			};
			name = Release;
		};
/* End XCBuildConfiguration section */

/* Begin XCConfigurationList section */
		BF323A7B2B202A2B0035BA09 /* Build configuration list for PBXProject "WeatherApp" */ = {
			isa = XCConfigurationList;
			buildConfigurations = (
				BF323A952B202A2D0035BA09 /* Debug */,
				BF323A962B202A2D0035BA09 /* Release */,
			);
			defaultConfigurationIsVisible = 0;
			defaultConfigurationName = Release;
		};
		BF323A972B202A2D0035BA09 /* Build configuration list for PBXNativeTarget "WeatherApp" */ = {
			isa = XCConfigurationList;
			buildConfigurations = (
				BF323A982B202A2D0035BA09 /* Debug */,
				BF323A992B202A2D0035BA09 /* Release */,
			);
			defaultConfigurationIsVisible = 0;
			defaultConfigurationName = Release;
		};
/* End XCConfigurationList section */

/* Begin XCVersionGroup section */
		BF323A8C2B202A2B0035BA09 /* WeatherApp.xcdatamodeld */ = {
			isa = XCVersionGroup;
			children = (
				BF323A8D2B202A2B0035BA09 /* WeatherApp.xcdatamodel */,
			);
			currentVersion = BF323A8D2B202A2B0035BA09 /* WeatherApp.xcdatamodel */;
			path = WeatherApp.xcdatamodeld;
			sourceTree = "<group>";
			versionGroupType = wrapper.xcdatamodel;
		};
/* End XCVersionGroup section */
	};
	rootObject = BF323A782B202A2B0035BA09 /* Project object */;
}
